
Microsoft Visual Studio Solution File, Format Version 12.00
# Visual Studio Version 17
VisualStudioVersion = 17.9.34728.123
MinimumVisualStudioVersion = 10.0.40219.1
Project("{FAE04EC0-301F-11D3-BF4B-00C04F79EFBC}") = "PruebaDiseño", "PruebaDiseño\PruebaDiseño.csproj", "{5F8BCECA-DC82-42B9-B5A4-29FC5EA06564}"
EndProject
Global
	GlobalSection(SolutionConfigurationPlatforms) = preSolution
		Debug|Any CPU = Debug|Any CPU
		Release|Any CPU = Release|Any CPU
	EndGlobalSection
	GlobalSection(ProjectConfigurationPlatforms) = postSolution
		{5F8BCECA-DC82-42B9-B5A4-29FC5EA06564}.Debug|Any CPU.ActiveCfg = Debug|Any CPU
		{5F8BCECA-DC82-42B9-B5A4-29FC5EA06564}.Debug|Any CPU.Build.0 = Debug|Any CPU
		{5F8BCECA-DC82-42B9-B5A4-29FC5EA06564}.Release|Any CPU.ActiveCfg = Release|Any CPU
		{5F8BCECA-DC82-42B9-B5A4-29FC5EA06564}.Release|Any CPU.Build.0 = Release|Any CPU
	EndGlobalSection
	GlobalSection(SolutionProperties) = preSolution
		HideSolutionNode = FALSE
	EndGlobalSection
	GlobalSection(ExtensibilityGlobals) = postSolution
		SolutionGuid = {A7D21320-7646-4D5D-AA77-7826BEE7A106}
	EndGlobalSection
EndGlobal
