
Microsoft Visual Studio Solution File, Format Version 12.00
# Visual Studio Version 17
VisualStudioVersion = 17.9.34728.123
MinimumVisualStudioVersion = 10.0.40219.1
Project("{FAE04EC0-301F-11D3-BF4B-00C04F79EFBC}") = "Ecomm", "Ecomm\Ecomm.csproj", "{A6E4DE0F-EA92-40A2-B40D-DC81E740D653}"
EndProject
Global
	GlobalSection(SolutionConfigurationPlatforms) = preSolution
		Debug|Any CPU = Debug|Any CPU
		Release|Any CPU = Release|Any CPU
	EndGlobalSection
	GlobalSection(ProjectConfigurationPlatforms) = postSolution
		{A6E4DE0F-EA92-40A2-B40D-DC81E740D653}.Debug|Any CPU.ActiveCfg = Debug|Any CPU
		{A6E4DE0F-EA92-40A2-B40D-DC81E740D653}.Debug|Any CPU.Build.0 = Debug|Any CPU
		{A6E4DE0F-EA92-40A2-B40D-DC81E740D653}.Release|Any CPU.ActiveCfg = Release|Any CPU
		{A6E4DE0F-EA92-40A2-B40D-DC81E740D653}.Release|Any CPU.Build.0 = Release|Any CPU
	EndGlobalSection
	GlobalSection(SolutionProperties) = preSolution
		HideSolutionNode = FALSE
	EndGlobalSection
	GlobalSection(ExtensibilityGlobals) = postSolution
		SolutionGuid = {AC1CF6A7-143F-4197-817F-9955839457A7}
	EndGlobalSection
EndGlobal
